
Microsoft Visual Studio Solution File, Format Version 11.00
# Visual Studio 2010
Project("{FAE04EC0-301F-11D3-BF4B-00C04F79EFBC}") = "Demo2_WebApp", "Demo2_WebApp\Demo2_WebApp.csproj", "{C2284787-CAF5-49C9-A9BC-B92A532853CC}"
EndProject
Global
	GlobalSection(SolutionConfigurationPlatforms) = preSolution
		Debug|Any CPU = Debug|Any CPU
		Release|Any CPU = Release|Any CPU
	EndGlobalSection
	GlobalSection(ProjectConfigurationPlatforms) = postSolution
		{C2284787-CAF5-49C9-A9BC-B92A532853CC}.Debug|Any CPU.ActiveCfg = Debug|Any CPU
		{C2284787-CAF5-49C9-A9BC-B92A532853CC}.Debug|Any CPU.Build.0 = Debug|Any CPU
		{C2284787-CAF5-49C9-A9BC-B92A532853CC}.Release|Any CPU.ActiveCfg = Release|Any CPU
		{C2284787-CAF5-49C9-A9BC-B92A532853CC}.Release|Any CPU.Build.0 = Release|Any CPU
	EndGlobalSection
	GlobalSection(SolutionProperties) = preSolution
		HideSolutionNode = FALSE
	EndGlobalSection
EndGlobal
